
Microsoft Visual Studio Solution File, Format Version 12.00
# Visual Studio Version 17
VisualStudioVersion = 17.5.002.0
MinimumVisualStudioVersion = 10.0.40219.1
Project("{9A19103F-16F7-4668-BE54-9A1E7A4F7556}") = "JogoDaForca", "JogoDaForca.csproj", "{F11B0006-58C3-4B27-AFE3-42C2B0F8EA77}"
EndProject
Global
	GlobalSection(SolutionConfigurationPlatforms) = preSolution
		Debug|Any CPU = Debug|Any CPU
		Release|Any CPU = Release|Any CPU
	EndGlobalSection
	GlobalSection(ProjectConfigurationPlatforms) = postSolution
		{F11B0006-58C3-4B27-AFE3-42C2B0F8EA77}.Debug|Any CPU.ActiveCfg = Debug|Any CPU
		{F11B0006-58C3-4B27-AFE3-42C2B0F8EA77}.Debug|Any CPU.Build.0 = Debug|Any CPU
		{F11B0006-58C3-4B27-AFE3-42C2B0F8EA77}.Release|Any CPU.ActiveCfg = Release|Any CPU
		{F11B0006-58C3-4B27-AFE3-42C2B0F8EA77}.Release|Any CPU.Build.0 = Release|Any CPU
	EndGlobalSection
	GlobalSection(SolutionProperties) = preSolution
		HideSolutionNode = FALSE
	EndGlobalSection
	GlobalSection(ExtensibilityGlobals) = postSolution
		SolutionGuid = {9D50BD60-1107-4A42-97BD-BE9EF7E7DF4D}
	EndGlobalSection
EndGlobal
